
Microsoft Visual Studio Solution File, Format Version 12.00
# Visual Studio Version 16
VisualStudioVersion = 16.0.31727.386
MinimumVisualStudioVersion = 10.0.40219.1
Project("{FAE04EC0-301F-11D3-BF4B-00C04F79EFBC}") = "FPageCS.Android", "FPageCS\FPageCS.Android\FPageCS.Android.csproj", "{0238F97C-181E-4235-8BA8-B587AAD91910}"
EndProject
Project("{FAE04EC0-301F-11D3-BF4B-00C04F79EFBC}") = "FPageCS.iOS", "FPageCS\FPageCS.iOS\FPageCS.iOS.csproj", "{DA4B20ED-0B6B-4A60-9822-29D5DF37E101}"
EndProject
Project("{FAE04EC0-301F-11D3-BF4B-00C04F79EFBC}") = "FPageCS", "FPageCS\FPageCS\FPageCS.csproj", "{89AE42BC-678E-476E-9C42-75BF12EC93C6}"
EndProject
Global
	GlobalSection(SolutionConfigurationPlatforms) = preSolution
		Debug|Any CPU = Debug|Any CPU
		Debug|iPhone = Debug|iPhone
		Debug|iPhoneSimulator = Debug|iPhoneSimulator
		Release|Any CPU = Release|Any CPU
		Release|iPhone = Release|iPhone
		Release|iPhoneSimulator = Release|iPhoneSimulator
	EndGlobalSection
	GlobalSection(ProjectConfigurationPlatforms) = postSolution
		{0238F97C-181E-4235-8BA8-B587AAD91910}.Debug|Any CPU.ActiveCfg = Debug|Any CPU
		{0238F97C-181E-4235-8BA8-B587AAD91910}.Debug|Any CPU.Build.0 = Debug|Any CPU
		{0238F97C-181E-4235-8BA8-B587AAD91910}.Debug|Any CPU.Deploy.0 = Debug|Any CPU
		{0238F97C-181E-4235-8BA8-B587AAD91910}.Debug|iPhone.ActiveCfg = Debug|Any CPU
		{0238F97C-181E-4235-8BA8-B587AAD91910}.Debug|iPhone.Build.0 = Debug|Any CPU
		{0238F97C-181E-4235-8BA8-B587AAD91910}.Debug|iPhone.Deploy.0 = Debug|Any CPU
		{0238F97C-181E-4235-8BA8-B587AAD91910}.Debug|iPhoneSimulator.ActiveCfg = Debug|Any CPU
		{0238F97C-181E-4235-8BA8-B587AAD91910}.Debug|iPhoneSimulator.Build.0 = Debug|Any CPU
		{0238F97C-181E-4235-8BA8-B587AAD91910}.Debug|iPhoneSimulator.Deploy.0 = Debug|Any CPU
		{0238F97C-181E-4235-8BA8-B587AAD91910}.Release|Any CPU.ActiveCfg = Release|Any CPU
		{0238F97C-181E-4235-8BA8-B587AAD91910}.Release|Any CPU.Build.0 = Release|Any CPU
		{0238F97C-181E-4235-8BA8-B587AAD91910}.Release|Any CPU.Deploy.0 = Release|Any CPU
		{0238F97C-181E-4235-8BA8-B587AAD91910}.Release|iPhone.ActiveCfg = Release|Any CPU
		{0238F97C-181E-4235-8BA8-B587AAD91910}.Release|iPhone.Build.0 = Release|Any CPU
		{0238F97C-181E-4235-8BA8-B587AAD91910}.Release|iPhone.Deploy.0 = Release|Any CPU
		{0238F97C-181E-4235-8BA8-B587AAD91910}.Release|iPhoneSimulator.ActiveCfg = Release|Any CPU
		{0238F97C-181E-4235-8BA8-B587AAD91910}.Release|iPhoneSimulator.Build.0 = Release|Any CPU
		{0238F97C-181E-4235-8BA8-B587AAD91910}.Release|iPhoneSimulator.Deploy.0 = Release|Any CPU
		{DA4B20ED-0B6B-4A60-9822-29D5DF37E101}.Debug|Any CPU.ActiveCfg = Debug|iPhone
		{DA4B20ED-0B6B-4A60-9822-29D5DF37E101}.Debug|Any CPU.Build.0 = Debug|iPhone
		{DA4B20ED-0B6B-4A60-9822-29D5DF37E101}.Debug|Any CPU.Deploy.0 = Debug|iPhone
		{DA4B20ED-0B6B-4A60-9822-29D5DF37E101}.Debug|iPhone.ActiveCfg = Debug|iPhone
		{DA4B20ED-0B6B-4A60-9822-29D5DF37E101}.Debug|iPhone.Build.0 = Debug|iPhone
		{DA4B20ED-0B6B-4A60-9822-29D5DF37E101}.Debug|iPhone.Deploy.0 = Debug|iPhone
		{DA4B20ED-0B6B-4A60-9822-29D5DF37E101}.Debug|iPhoneSimulator.ActiveCfg = Debug|iPhoneSimulator
		{DA4B20ED-0B6B-4A60-9822-29D5DF37E101}.Debug|iPhoneSimulator.Build.0 = Debug|iPhoneSimulator
		{DA4B20ED-0B6B-4A60-9822-29D5DF37E101}.Debug|iPhoneSimulator.Deploy.0 = Debug|iPhoneSimulator
		{DA4B20ED-0B6B-4A60-9822-29D5DF37E101}.Release|Any CPU.ActiveCfg = Release|iPhoneSimulator
		{DA4B20ED-0B6B-4A60-9822-29D5DF37E101}.Release|Any CPU.Build.0 = Release|iPhoneSimulator
		{DA4B20ED-0B6B-4A60-9822-29D5DF37E101}.Release|Any CPU.Deploy.0 = Release|iPhoneSimulator
		{DA4B20ED-0B6B-4A60-9822-29D5DF37E101}.Release|iPhone.ActiveCfg = Release|iPhone
		{DA4B20ED-0B6B-4A60-9822-29D5DF37E101}.Release|iPhone.Build.0 = Release|iPhone
		{DA4B20ED-0B6B-4A60-9822-29D5DF37E101}.Release|iPhone.Deploy.0 = Release|iPhone
		{DA4B20ED-0B6B-4A60-9822-29D5DF37E101}.Release|iPhoneSimulator.ActiveCfg = Release|iPhoneSimulator
		{DA4B20ED-0B6B-4A60-9822-29D5DF37E101}.Release|iPhoneSimulator.Build.0 = Release|iPhoneSimulator
		{DA4B20ED-0B6B-4A60-9822-29D5DF37E101}.Release|iPhoneSimulator.Deploy.0 = Release|iPhoneSimulator
		{89AE42BC-678E-476E-9C42-75BF12EC93C6}.Debug|Any CPU.ActiveCfg = Debug|Any CPU
		{89AE42BC-678E-476E-9C42-75BF12EC93C6}.Debug|Any CPU.Build.0 = Debug|Any CPU
		{89AE42BC-678E-476E-9C42-75BF12EC93C6}.Debug|Any CPU.Deploy.0 = Debug|Any CPU
		{89AE42BC-678E-476E-9C42-75BF12EC93C6}.Debug|iPhone.ActiveCfg = Debug|Any CPU
		{89AE42BC-678E-476E-9C42-75BF12EC93C6}.Debug|iPhone.Build.0 = Debug|Any CPU
		{89AE42BC-678E-476E-9C42-75BF12EC93C6}.Debug|iPhone.Deploy.0 = Debug|Any CPU
		{89AE42BC-678E-476E-9C42-75BF12EC93C6}.Debug|iPhoneSimulator.ActiveCfg = Debug|Any CPU
		{89AE42BC-678E-476E-9C42-75BF12EC93C6}.Debug|iPhoneSimulator.Build.0 = Debug|Any CPU
		{89AE42BC-678E-476E-9C42-75BF12EC93C6}.Debug|iPhoneSimulator.Deploy.0 = Debug|Any CPU
		{89AE42BC-678E-476E-9C42-75BF12EC93C6}.Release|Any CPU.ActiveCfg = Release|Any CPU
		{89AE42BC-678E-476E-9C42-75BF12EC93C6}.Release|Any CPU.Build.0 = Release|Any CPU
		{89AE42BC-678E-476E-9C42-75BF12EC93C6}.Release|Any CPU.Deploy.0 = Release|Any CPU
		{89AE42BC-678E-476E-9C42-75BF12EC93C6}.Release|iPhone.ActiveCfg = Release|Any CPU
		{89AE42BC-678E-476E-9C42-75BF12EC93C6}.Release|iPhone.Build.0 = Release|Any CPU
		{89AE42BC-678E-476E-9C42-75BF12EC93C6}.Release|iPhone.Deploy.0 = Release|Any CPU
		{89AE42BC-678E-476E-9C42-75BF12EC93C6}.Release|iPhoneSimulator.ActiveCfg = Release|Any CPU
		{89AE42BC-678E-476E-9C42-75BF12EC93C6}.Release|iPhoneSimulator.Build.0 = Release|Any CPU
		{89AE42BC-678E-476E-9C42-75BF12EC93C6}.Release|iPhoneSimulator.Deploy.0 = Release|Any CPU
	EndGlobalSection
	GlobalSection(SolutionProperties) = preSolution
		HideSolutionNode = FALSE
	EndGlobalSection
	GlobalSection(ExtensibilityGlobals) = postSolution
		SolutionGuid = {6F383F88-AA35-4AE4-8425-75F1DB6793F7}
	EndGlobalSection
EndGlobal
